
Microsoft Visual Studio Solution File, Format Version 12.00
# Visual Studio 14
VisualStudioVersion = 14.0.25420.1
MinimumVisualStudioVersion = 10.0.40219.1
Project("{FAE04EC0-301F-11D3-BF4B-00C04F79EFBC}") = "WebApplication10", "WebApplication10\WebApplication10.csproj", "{609FE45C-9B98-46F6-8B1E-F306AD90E351}"
EndProject
Project("{FAE04EC0-301F-11D3-BF4B-00C04F79EFBC}") = "ClassLibrary1", "ClassLibrary1\ClassLibrary1.csproj", "{B11A60CA-2FF5-49DB-8610-14D7A9952B65}"
EndProject
Global
	GlobalSection(SolutionConfigurationPlatforms) = preSolution
		Debug|Any CPU = Debug|Any CPU
		Release|Any CPU = Release|Any CPU
	EndGlobalSection
	GlobalSection(ProjectConfigurationPlatforms) = postSolution
		{609FE45C-9B98-46F6-8B1E-F306AD90E351}.Debug|Any CPU.ActiveCfg = Debug|Any CPU
		{609FE45C-9B98-46F6-8B1E-F306AD90E351}.Debug|Any CPU.Build.0 = Debug|Any CPU
		{609FE45C-9B98-46F6-8B1E-F306AD90E351}.Release|Any CPU.ActiveCfg = Release|Any CPU
		{609FE45C-9B98-46F6-8B1E-F306AD90E351}.Release|Any CPU.Build.0 = Release|Any CPU
		{B11A60CA-2FF5-49DB-8610-14D7A9952B65}.Debug|Any CPU.ActiveCfg = Debug|Any CPU
		{B11A60CA-2FF5-49DB-8610-14D7A9952B65}.Debug|Any CPU.Build.0 = Debug|Any CPU
		{B11A60CA-2FF5-49DB-8610-14D7A9952B65}.Release|Any CPU.ActiveCfg = Release|Any CPU
		{B11A60CA-2FF5-49DB-8610-14D7A9952B65}.Release|Any CPU.Build.0 = Release|Any CPU
	EndGlobalSection
	GlobalSection(SolutionProperties) = preSolution
		HideSolutionNode = FALSE
	EndGlobalSection
EndGlobal
